
Microsoft Visual Studio Solution File, Format Version 12.00
# Visual Studio Version 17
VisualStudioVersion = 17.0.31919.166
MinimumVisualStudioVersion = 10.0.40219.1
Project("{A07B5EB6-E848-4116-A8D0-A826331D98C6}") = "CurrencyManager", "CurrencyManager\CurrencyManager.sfproj", "{1728C4B6-AB56-4533-9CDB-377DA9E6BDC0}"
EndProject
Project("{9A19103F-16F7-4668-BE54-9A1E7A4F7556}") = "CurrencyManagerService", "CurrencyManagerCore\CurrencyManagerService.csproj", "{AAF1DA19-354D-46AC-BB4A-7F54F22950D9}"
EndProject
Project("{9A19103F-16F7-4668-BE54-9A1E7A4F7556}") = "CurrencyManagerWeb", "CurrencyManagerWeb\CurrencyManagerWeb.csproj", "{1FB120EF-AA9D-4078-BAD2-58112259B9CF}"
EndProject
Project("{9A19103F-16F7-4668-BE54-9A1E7A4F7556}") = "CountriesService", "CoutriesService\CountriesService.csproj", "{66D74C57-D666-49F6-8494-49AD460A160E}"
EndProject
Global
	GlobalSection(SolutionConfigurationPlatforms) = preSolution
		Debug|Any CPU = Debug|Any CPU
		Debug|x64 = Debug|x64
		Release|Any CPU = Release|Any CPU
		Release|x64 = Release|x64
	EndGlobalSection
	GlobalSection(ProjectConfigurationPlatforms) = postSolution
		{1728C4B6-AB56-4533-9CDB-377DA9E6BDC0}.Debug|Any CPU.ActiveCfg = Debug|x64
		{1728C4B6-AB56-4533-9CDB-377DA9E6BDC0}.Debug|Any CPU.Build.0 = Debug|x64
		{1728C4B6-AB56-4533-9CDB-377DA9E6BDC0}.Debug|Any CPU.Deploy.0 = Debug|x64
		{1728C4B6-AB56-4533-9CDB-377DA9E6BDC0}.Debug|x64.ActiveCfg = Debug|x64
		{1728C4B6-AB56-4533-9CDB-377DA9E6BDC0}.Debug|x64.Build.0 = Debug|x64
		{1728C4B6-AB56-4533-9CDB-377DA9E6BDC0}.Debug|x64.Deploy.0 = Debug|x64
		{1728C4B6-AB56-4533-9CDB-377DA9E6BDC0}.Release|Any CPU.ActiveCfg = Release|x64
		{1728C4B6-AB56-4533-9CDB-377DA9E6BDC0}.Release|Any CPU.Build.0 = Release|x64
		{1728C4B6-AB56-4533-9CDB-377DA9E6BDC0}.Release|Any CPU.Deploy.0 = Release|x64
		{1728C4B6-AB56-4533-9CDB-377DA9E6BDC0}.Release|x64.ActiveCfg = Release|x64
		{1728C4B6-AB56-4533-9CDB-377DA9E6BDC0}.Release|x64.Build.0 = Release|x64
		{1728C4B6-AB56-4533-9CDB-377DA9E6BDC0}.Release|x64.Deploy.0 = Release|x64
		{AAF1DA19-354D-46AC-BB4A-7F54F22950D9}.Debug|Any CPU.ActiveCfg = Debug|Any CPU
		{AAF1DA19-354D-46AC-BB4A-7F54F22950D9}.Debug|Any CPU.Build.0 = Debug|Any CPU
		{AAF1DA19-354D-46AC-BB4A-7F54F22950D9}.Debug|x64.ActiveCfg = Debug|Any CPU
		{AAF1DA19-354D-46AC-BB4A-7F54F22950D9}.Debug|x64.Build.0 = Debug|Any CPU
		{AAF1DA19-354D-46AC-BB4A-7F54F22950D9}.Release|Any CPU.ActiveCfg = Release|Any CPU
		{AAF1DA19-354D-46AC-BB4A-7F54F22950D9}.Release|Any CPU.Build.0 = Release|Any CPU
		{AAF1DA19-354D-46AC-BB4A-7F54F22950D9}.Release|x64.ActiveCfg = Release|Any CPU
		{AAF1DA19-354D-46AC-BB4A-7F54F22950D9}.Release|x64.Build.0 = Release|Any CPU
		{1FB120EF-AA9D-4078-BAD2-58112259B9CF}.Debug|Any CPU.ActiveCfg = Debug|Any CPU
		{1FB120EF-AA9D-4078-BAD2-58112259B9CF}.Debug|Any CPU.Build.0 = Debug|Any CPU
		{1FB120EF-AA9D-4078-BAD2-58112259B9CF}.Debug|x64.ActiveCfg = Debug|Any CPU
		{1FB120EF-AA9D-4078-BAD2-58112259B9CF}.Debug|x64.Build.0 = Debug|Any CPU
		{1FB120EF-AA9D-4078-BAD2-58112259B9CF}.Release|Any CPU.ActiveCfg = Release|Any CPU
		{1FB120EF-AA9D-4078-BAD2-58112259B9CF}.Release|Any CPU.Build.0 = Release|Any CPU
		{1FB120EF-AA9D-4078-BAD2-58112259B9CF}.Release|x64.ActiveCfg = Release|Any CPU
		{1FB120EF-AA9D-4078-BAD2-58112259B9CF}.Release|x64.Build.0 = Release|Any CPU
		{66D74C57-D666-49F6-8494-49AD460A160E}.Debug|Any CPU.ActiveCfg = Debug|Any CPU
		{66D74C57-D666-49F6-8494-49AD460A160E}.Debug|Any CPU.Build.0 = Debug|Any CPU
		{66D74C57-D666-49F6-8494-49AD460A160E}.Debug|x64.ActiveCfg = Debug|Any CPU
		{66D74C57-D666-49F6-8494-49AD460A160E}.Debug|x64.Build.0 = Debug|Any CPU
		{66D74C57-D666-49F6-8494-49AD460A160E}.Release|Any CPU.ActiveCfg = Release|Any CPU
		{66D74C57-D666-49F6-8494-49AD460A160E}.Release|Any CPU.Build.0 = Release|Any CPU
		{66D74C57-D666-49F6-8494-49AD460A160E}.Release|x64.ActiveCfg = Release|Any CPU
		{66D74C57-D666-49F6-8494-49AD460A160E}.Release|x64.Build.0 = Release|Any CPU
	EndGlobalSection
	GlobalSection(SolutionProperties) = preSolution
		HideSolutionNode = FALSE
	EndGlobalSection
	GlobalSection(ExtensibilityGlobals) = postSolution
		SolutionGuid = {14E455EB-DB16-43FE-AF85-F3F1FC5B4F4F}
	EndGlobalSection
EndGlobal
